
Microsoft Visual Studio Solution File, Format Version 12.00
# Visual Studio 14
VisualStudioVersion = 14.0.24720.0
MinimumVisualStudioVersion = 10.0.40219.1
Project("{2150E333-8FDC-42A3-9474-1A3956D46DE8}") = "src", "src", "{B82AF7CA-7B8C-45C4-B51D-C9C347186E63}"
EndProject
Project("{2150E333-8FDC-42A3-9474-1A3956D46DE8}") = "Solution Items", "Solution Items", "{A2BAF168-71E8-4AEC-92CE-2A1311E7E20A}"
	ProjectSection(SolutionItems) = preProject
		global.json = global.json
	EndProjectSection
EndProject
Project("{8BB2217D-0F2D-49D1-97BC-3654ED321F3B}") = "SimplePersistence.UoW.NH", "src\SimplePersistence.UoW.NH\SimplePersistence.UoW.NH.xproj", "{A484D879-38E0-481D-B547-316DBF1987C6}"
EndProject
Global
	GlobalSection(SolutionConfigurationPlatforms) = preSolution
		Debug|Any CPU = Debug|Any CPU
		Release|Any CPU = Release|Any CPU
	EndGlobalSection
	GlobalSection(ProjectConfigurationPlatforms) = postSolution
		{A484D879-38E0-481D-B547-316DBF1987C6}.Debug|Any CPU.ActiveCfg = Debug|Any CPU
		{A484D879-38E0-481D-B547-316DBF1987C6}.Debug|Any CPU.Build.0 = Debug|Any CPU
		{A484D879-38E0-481D-B547-316DBF1987C6}.Release|Any CPU.ActiveCfg = Release|Any CPU
		{A484D879-38E0-481D-B547-316DBF1987C6}.Release|Any CPU.Build.0 = Release|Any CPU
	EndGlobalSection
	GlobalSection(SolutionProperties) = preSolution
		HideSolutionNode = FALSE
	EndGlobalSection
	GlobalSection(NestedProjects) = preSolution
		{A484D879-38E0-481D-B547-316DBF1987C6} = {B82AF7CA-7B8C-45C4-B51D-C9C347186E63}
	EndGlobalSection
EndGlobal
